
Microsoft Visual Studio Solution File, Format Version 12.00
# Visual Studio Version 16
VisualStudioVersion = 16.0.29920.165
MinimumVisualStudioVersion = 10.0.40219.1
Project("{FAE04EC0-301F-11D3-BF4B-00C04F79EFBC}") = "Person_Registro", "Person_Registro\Person_Registro.csproj", "{C373ABD3-8C24-4EFB-9CE0-8F537F0871BD}"
EndProject
Global
	GlobalSection(SolutionConfigurationPlatforms) = preSolution
		Debug|Any CPU = Debug|Any CPU
		Release|Any CPU = Release|Any CPU
	EndGlobalSection
	GlobalSection(ProjectConfigurationPlatforms) = postSolution
		{C373ABD3-8C24-4EFB-9CE0-8F537F0871BD}.Debug|Any CPU.ActiveCfg = Debug|Any CPU
		{C373ABD3-8C24-4EFB-9CE0-8F537F0871BD}.Debug|Any CPU.Build.0 = Debug|Any CPU
		{C373ABD3-8C24-4EFB-9CE0-8F537F0871BD}.Release|Any CPU.ActiveCfg = Release|Any CPU
		{C373ABD3-8C24-4EFB-9CE0-8F537F0871BD}.Release|Any CPU.Build.0 = Release|Any CPU
	EndGlobalSection
	GlobalSection(SolutionProperties) = preSolution
		HideSolutionNode = FALSE
	EndGlobalSection
	GlobalSection(ExtensibilityGlobals) = postSolution
		SolutionGuid = {E2A3F00B-A81D-4987-A75E-EE4D5A7C83A6}
	EndGlobalSection
EndGlobal
